
Microsoft Visual Studio Solution File, Format Version 12.00
# Visual Studio Version 17
VisualStudioVersion = 17.9.34728.123
MinimumVisualStudioVersion = 10.0.40219.1
Project("{FAE04EC0-301F-11D3-BF4B-00C04F79EFBC}") = "Kollektsioonid", "Kollektsioonid\Kollektsioonid.csproj", "{6BF9857E-119C-4F3D-8CC6-693E71A2DE22}"
EndProject
Global
	GlobalSection(SolutionConfigurationPlatforms) = preSolution
		Debug|Any CPU = Debug|Any CPU
		Release|Any CPU = Release|Any CPU
	EndGlobalSection
	GlobalSection(ProjectConfigurationPlatforms) = postSolution
		{6BF9857E-119C-4F3D-8CC6-693E71A2DE22}.Debug|Any CPU.ActiveCfg = Debug|Any CPU
		{6BF9857E-119C-4F3D-8CC6-693E71A2DE22}.Debug|Any CPU.Build.0 = Debug|Any CPU
		{6BF9857E-119C-4F3D-8CC6-693E71A2DE22}.Release|Any CPU.ActiveCfg = Release|Any CPU
		{6BF9857E-119C-4F3D-8CC6-693E71A2DE22}.Release|Any CPU.Build.0 = Release|Any CPU
	EndGlobalSection
	GlobalSection(SolutionProperties) = preSolution
		HideSolutionNode = FALSE
	EndGlobalSection
	GlobalSection(ExtensibilityGlobals) = postSolution
		SolutionGuid = {A3CE237D-F81B-4BC1-B52D-12522698D48E}
	EndGlobalSection
EndGlobal
